
Microsoft Visual Studio Solution File, Format Version 11.00
# Visual Studio 2010
Project("{FAE04EC0-301F-11D3-BF4B-00C04F79EFBC}") = "Assembly-CSharp", "Assembly-CSharp.csproj", "{95ad7a62-8dad-0bfc-a57c-e2285a13fd49}"
EndProject
Project("{FAE04EC0-301F-11D3-BF4B-00C04F79EFBC}") = "Assembly-CSharp-Editor", "Assembly-CSharp-Editor.csproj", "{ae952420-1f46-cc7e-e7e2-9b8342423dd8}"
EndProject
Project("{FAE04EC0-301F-11D3-BF4B-00C04F79EFBC}") = "Assembly-CSharp-firstpass", "Assembly-CSharp-firstpass.csproj", "{39a035f7-bc96-45c9-4047-80d60200270e}"
EndProject
Global
	GlobalSection(SolutionConfigurationPlatforms) = preSolution
		Debug|Any CPU = Debug|Any CPU
	EndGlobalSection
	GlobalSection(ProjectConfigurationPlatforms) = postSolution
		{95ad7a62-8dad-0bfc-a57c-e2285a13fd49}.Debug|Any CPU.ActiveCfg = Debug|Any CPU
		{95ad7a62-8dad-0bfc-a57c-e2285a13fd49}.Debug|Any CPU.Build.0 = Debug|Any CPU
		{ae952420-1f46-cc7e-e7e2-9b8342423dd8}.Debug|Any CPU.ActiveCfg = Debug|Any CPU
		{ae952420-1f46-cc7e-e7e2-9b8342423dd8}.Debug|Any CPU.Build.0 = Debug|Any CPU
		{39a035f7-bc96-45c9-4047-80d60200270e}.Debug|Any CPU.ActiveCfg = Debug|Any CPU
		{39a035f7-bc96-45c9-4047-80d60200270e}.Debug|Any CPU.Build.0 = Debug|Any CPU
	EndGlobalSection
	GlobalSection(SolutionProperties) = preSolution
		HideSolutionNode = FALSE
	EndGlobalSection
EndGlobal
